// !$*UTF8*$!
{
	archiveVersion = 1;
	classes = {
	};
	objectVersion = 48;
	objects = {

/* Begin PBXBuildFile section */
		03337613205A6281005C00EE /* AppDelegate.m in Sources */ = {isa = PBXBuildFile; fileRef = 03337612205A6281005C00EE /* AppDelegate.m */; };
		03337616205A6281005C00EE /* ViewController.m in Sources */ = {isa = PBXBuildFile; fileRef = 03337615205A6281005C00EE /* ViewController.m */; };
		03337619205A6281005C00EE /* Main.storyboard in Resources */ = {isa = PBXBuildFile; fileRef = 03337617205A6281005C00EE /* Main.storyboard */; };
		0333761B205A6281005C00EE /* Assets.xcassets in Resources */ = {isa = PBXBuildFile; fileRef = 0333761A205A6281005C00EE /* Assets.xcassets */; };
		0333761E205A6281005C00EE /* LaunchScreen.storyboard in Resources */ = {isa = PBXBuildFile; fileRef = 0333761C205A6281005C00EE /* LaunchScreen.storyboard */; };
		03337621205A6281005C00EE /* main.m in Sources */ = {isa = PBXBuildFile; fileRef = 03337620205A6281005C00EE /* main.m */; };
		0333762B205A6282005C00EE /* DemoTests.m in Sources */ = {isa = PBXBuildFile; fileRef = 0333762A205A6282005C00EE /* DemoTests.m */; };
		03337636205A6282005C00EE /* DemoUITests.m in Sources */ = {isa = PBXBuildFile; fileRef = 03337635205A6282005C00EE /* DemoUITests.m */; };
		03337647205A637A005C00EE /* LoginViewController.m in Sources */ = {isa = PBXBuildFile; fileRef = 03337645205A637A005C00EE /* LoginViewController.m */; };
		03337648205A637A005C00EE /* LoginViewController.xib in Resources */ = {isa = PBXBuildFile; fileRef = 03337646205A637A005C00EE /* LoginViewController.xib */; };
		0333764C205A66A2005C00EE /* DisplayViewController.m in Sources */ = {isa = PBXBuildFile; fileRef = 0333764A205A66A2005C00EE /* DisplayViewController.m */; };
		0333764D205A66A2005C00EE /* DisplayViewController.xib in Resources */ = {isa = PBXBuildFile; fileRef = 0333764B205A66A2005C00EE /* DisplayViewController.xib */; };
		03337652205A6ACF005C00EE /* APIContentTableViewCell.m in Sources */ = {isa = PBXBuildFile; fileRef = 03337650205A6ACF005C00EE /* APIContentTableViewCell.m */; };
		03337653205A6ACF005C00EE /* APIContentTableViewCell.xib in Resources */ = {isa = PBXBuildFile; fileRef = 03337651205A6ACF005C00EE /* APIContentTableViewCell.xib */; };
		03337657205A7ABE005C00EE /* AbstractModel.m in Sources */ = {isa = PBXBuildFile; fileRef = 03337656205A7ABE005C00EE /* AbstractModel.m */; };
		03337666205A7CD5005C00EE /* NSDictionary+ReplaceNULL.m in Sources */ = {isa = PBXBuildFile; fileRef = 03337663205A7CD5005C00EE /* NSDictionary+ReplaceNULL.m */; };
		03337667205A7CD5005C00EE /* NSObject+Extension.m in Sources */ = {isa = PBXBuildFile; fileRef = 03337665205A7CD5005C00EE /* NSObject+Extension.m */; };
		0333766A205A827C005C00EE /* APIModel.m in Sources */ = {isa = PBXBuildFile; fileRef = 03337669205A827C005C00EE /* APIModel.m */; };
		0333766E205A9B35005C00EE /* DetailViewController.m in Sources */ = {isa = PBXBuildFile; fileRef = 0333766C205A9B35005C00EE /* DetailViewController.m */; };
		0333766F205A9B35005C00EE /* DetailViewController.xib in Resources */ = {isa = PBXBuildFile; fileRef = 0333766D205A9B35005C00EE /* DetailViewController.xib */; };
		03337672205A9F45005C00EE /* WebKit.framework in Frameworks */ = {isa = PBXBuildFile; fileRef = 03337671205A9F45005C00EE /* WebKit.framework */; };
		03E17ED4205BAD3200F74AE2 /* NSString+utility.m in Sources */ = {isa = PBXBuildFile; fileRef = 03E17ED3205BAD3200F74AE2 /* NSString+utility.m */; };
		94F442E92081BB0C046C77C0 /* libPods-Demo.a in Frameworks */ = {isa = PBXBuildFile; fileRef = A994EA76F4B7EC9D1933B96F /* libPods-Demo.a */; };
		E0D045A409A73942C24FFEEA /* libPods-DemoUITests.a in Frameworks */ = {isa = PBXBuildFile; fileRef = 7CCDE9FCAECF331D0A32D4E8 /* libPods-DemoUITests.a */; };
		E8EC4F2CDF365651AAA662BD /* libPods-DemoTests.a in Frameworks */ = {isa = PBXBuildFile; fileRef = 33BF6812D1A22C97B22E7AE3 /* libPods-DemoTests.a */; };
/* End PBXBuildFile section */

/* Begin PBXContainerItemProxy section */
		03337627205A6282005C00EE /* PBXContainerItemProxy */ = {
			isa = PBXContainerItemProxy;
			containerPortal = 03337606205A6281005C00EE /* Project object */;
			proxyType = 1;
			remoteGlobalIDString = 0333760D205A6281005C00EE;
			remoteInfo = Demo;
		};
		03337632205A6282005C00EE /* PBXContainerItemProxy */ = {
			isa = PBXContainerItemProxy;
			containerPortal = 03337606205A6281005C00EE /* Project object */;
			proxyType = 1;
			remoteGlobalIDString = 0333760D205A6281005C00EE;
			remoteInfo = Demo;
		};
/* End PBXContainerItemProxy section */

/* Begin PBXFileReference section */
		0333760E205A6281005C00EE /* Demo.app */ = {isa = PBXFileReference; explicitFileType = wrapper.application; includeInIndex = 0; path = Demo.app; sourceTree = BUILT_PRODUCTS_DIR; };
		03337611205A6281005C00EE /* AppDelegate.h */ = {isa = PBXFileReference; lastKnownFileType = sourcecode.c.h; path = AppDelegate.h; sourceTree = "<group>"; };
		03337612205A6281005C00EE /* AppDelegate.m */ = {isa = PBXFileReference; lastKnownFileType = sourcecode.c.objc; path = AppDelegate.m; sourceTree = "<group>"; };
		03337614205A6281005C00EE /* ViewController.h */ = {isa = PBXFileReference; lastKnownFileType = sourcecode.c.h; path = ViewController.h; sourceTree = "<group>"; };
		03337615205A6281005C00EE /* ViewController.m */ = {isa = PBXFileReference; lastKnownFileType = sourcecode.c.objc; path = ViewController.m; sourceTree = "<group>"; };
		03337618205A6281005C00EE /* Base */ = {isa = PBXFileReference; lastKnownFileType = file.storyboard; name = Base; path = Base.lproj/Main.storyboard; sourceTree = "<group>"; };
		0333761A205A6281005C00EE /* Assets.xcassets */ = {isa = PBXFileReference; lastKnownFileType = folder.assetcatalog; path = Assets.xcassets; sourceTree = "<group>"; };
		0333761D205A6281005C00EE /* Base */ = {isa = PBXFileReference; lastKnownFileType = file.storyboard; name = Base; path = Base.lproj/LaunchScreen.storyboard; sourceTree = "<group>"; };
		0333761F205A6281005C00EE /* Info.plist */ = {isa = PBXFileReference; lastKnownFileType = text.plist.xml; path = Info.plist; sourceTree = "<group>"; };
		03337620205A6281005C00EE /* main.m */ = {isa = PBXFileReference; lastKnownFileType = sourcecode.c.objc; path = main.m; sourceTree = "<group>"; };
		03337626205A6282005C00EE /* DemoTests.xctest */ = {isa = PBXFileReference; explicitFileType = wrapper.cfbundle; includeInIndex = 0; path = DemoTests.xctest; sourceTree = BUILT_PRODUCTS_DIR; };
		0333762A205A6282005C00EE /* DemoTests.m */ = {isa = PBXFileReference; lastKnownFileType = sourcecode.c.objc; path = DemoTests.m; sourceTree = "<group>"; };
		0333762C205A6282005C00EE /* Info.plist */ = {isa = PBXFileReference; lastKnownFileType = text.plist.xml; path = Info.plist; sourceTree = "<group>"; };
		03337631205A6282005C00EE /* DemoUITests.xctest */ = {isa = PBXFileReference; explicitFileType = wrapper.cfbundle; includeInIndex = 0; path = DemoUITests.xctest; sourceTree = BUILT_PRODUCTS_DIR; };
		03337635205A6282005C00EE /* DemoUITests.m */ = {isa = PBXFileReference; lastKnownFileType = sourcecode.c.objc; path = DemoUITests.m; sourceTree = "<group>"; };
		03337637205A6282005C00EE /* Info.plist */ = {isa = PBXFileReference; lastKnownFileType = text.plist.xml; path = Info.plist; sourceTree = "<group>"; };
		03337644205A637A005C00EE /* LoginViewController.h */ = {isa = PBXFileReference; lastKnownFileType = sourcecode.c.h; path = LoginViewController.h; sourceTree = "<group>"; };
		03337645205A637A005C00EE /* LoginViewController.m */ = {isa = PBXFileReference; lastKnownFileType = sourcecode.c.objc; path = LoginViewController.m; sourceTree = "<group>"; };
		03337646205A637A005C00EE /* LoginViewController.xib */ = {isa = PBXFileReference; lastKnownFileType = file.xib; path = LoginViewController.xib; sourceTree = "<group>"; };
		03337649205A66A2005C00EE /* DisplayViewController.h */ = {isa = PBXFileReference; lastKnownFileType = sourcecode.c.h; path = DisplayViewController.h; sourceTree = "<group>"; };
		0333764A205A66A2005C00EE /* DisplayViewController.m */ = {isa = PBXFileReference; lastKnownFileType = sourcecode.c.objc; path = DisplayViewController.m; sourceTree = "<group>"; };
		0333764B205A66A2005C00EE /* DisplayViewController.xib */ = {isa = PBXFileReference; lastKnownFileType = file.xib; path = DisplayViewController.xib; sourceTree = "<group>"; };
		0333764F205A6ACF005C00EE /* APIContentTableViewCell.h */ = {isa = PBXFileReference; lastKnownFileType = sourcecode.c.h; path = APIContentTableViewCell.h; sourceTree = "<group>"; };
		03337650205A6ACF005C00EE /* APIContentTableViewCell.m */ = {isa = PBXFileReference; lastKnownFileType = sourcecode.c.objc; path = APIContentTableViewCell.m; sourceTree = "<group>"; };
		03337651205A6ACF005C00EE /* APIContentTableViewCell.xib */ = {isa = PBXFileReference; lastKnownFileType = file.xib; path = APIContentTableViewCell.xib; sourceTree = "<group>"; };
		03337655205A7ABE005C00EE /* AbstractModel.h */ = {isa = PBXFileReference; lastKnownFileType = sourcecode.c.h; path = AbstractModel.h; sourceTree = "<group>"; };
		03337656205A7ABE005C00EE /* AbstractModel.m */ = {isa = PBXFileReference; lastKnownFileType = sourcecode.c.objc; path = AbstractModel.m; sourceTree = "<group>"; };
		03337662205A7CD4005C00EE /* NSObject+Extension.h */ = {isa = PBXFileReference; fileEncoding = 4; lastKnownFileType = sourcecode.c.h; path = "NSObject+Extension.h"; sourceTree = "<group>"; };
		03337663205A7CD5005C00EE /* NSDictionary+ReplaceNULL.m */ = {isa = PBXFileReference; fileEncoding = 4; lastKnownFileType = sourcecode.c.objc; path = "NSDictionary+ReplaceNULL.m"; sourceTree = "<group>"; };
		03337664205A7CD5005C00EE /* NSDictionary+ReplaceNULL.h */ = {isa = PBXFileReference; fileEncoding = 4; lastKnownFileType = sourcecode.c.h; path = "NSDictionary+ReplaceNULL.h"; sourceTree = "<group>"; };
		03337665205A7CD5005C00EE /* NSObject+Extension.m */ = {isa = PBXFileReference; fileEncoding = 4; lastKnownFileType = sourcecode.c.objc; path = "NSObject+Extension.m"; sourceTree = "<group>"; };
		03337668205A827C005C00EE /* APIModel.h */ = {isa = PBXFileReference; lastKnownFileType = sourcecode.c.h; path = APIModel.h; sourceTree = "<group>"; };
		03337669205A827C005C00EE /* APIModel.m */ = {isa = PBXFileReference; lastKnownFileType = sourcecode.c.objc; path = APIModel.m; sourceTree = "<group>"; };
		0333766B205A9B35005C00EE /* DetailViewController.h */ = {isa = PBXFileReference; lastKnownFileType = sourcecode.c.h; path = DetailViewController.h; sourceTree = "<group>"; };
		0333766C205A9B35005C00EE /* DetailViewController.m */ = {isa = PBXFileReference; lastKnownFileType = sourcecode.c.objc; path = DetailViewController.m; sourceTree = "<group>"; };
		0333766D205A9B35005C00EE /* DetailViewController.xib */ = {isa = PBXFileReference; lastKnownFileType = file.xib; path = DetailViewController.xib; sourceTree = "<group>"; };
		03337671205A9F45005C00EE /* WebKit.framework */ = {isa = PBXFileReference; lastKnownFileType = wrapper.framework; name = WebKit.framework; path = System/Library/Frameworks/WebKit.framework; sourceTree = SDKROOT; };
		03E17ED2205BAD3200F74AE2 /* NSString+utility.h */ = {isa = PBXFileReference; fileEncoding = 4; lastKnownFileType = sourcecode.c.h; path = "NSString+utility.h"; sourceTree = "<group>"; };
		03E17ED3205BAD3200F74AE2 /* NSString+utility.m */ = {isa = PBXFileReference; fileEncoding = 4; lastKnownFileType = sourcecode.c.objc; path = "NSString+utility.m"; sourceTree = "<group>"; };
		216E82C3E1812F064CDFFE7B /* Pods-DemoUITests.release.xcconfig */ = {isa = PBXFileReference; includeInIndex = 1; lastKnownFileType = text.xcconfig; name = "Pods-DemoUITests.release.xcconfig"; path = "Pods/Target Support Files/Pods-DemoUITests/Pods-DemoUITests.release.xcconfig"; sourceTree = "<group>"; };
		33BF6812D1A22C97B22E7AE3 /* libPods-DemoTests.a */ = {isa = PBXFileReference; explicitFileType = archive.ar; includeInIndex = 0; path = "libPods-DemoTests.a"; sourceTree = BUILT_PRODUCTS_DIR; };
		5F07390F462841AC4E616566 /* Pods-DemoTests.debug.xcconfig */ = {isa = PBXFileReference; includeInIndex = 1; lastKnownFileType = text.xcconfig; name = "Pods-DemoTests.debug.xcconfig"; path = "Pods/Target Support Files/Pods-DemoTests/Pods-DemoTests.debug.xcconfig"; sourceTree = "<group>"; };
		7CCDE9FCAECF331D0A32D4E8 /* libPods-DemoUITests.a */ = {isa = PBXFileReference; explicitFileType = archive.ar; includeInIndex = 0; path = "libPods-DemoUITests.a"; sourceTree = BUILT_PRODUCTS_DIR; };
		8FD737AE20ADA6669F7C532F /* Pods-DemoTests.release.xcconfig */ = {isa = PBXFileReference; includeInIndex = 1; lastKnownFileType = text.xcconfig; name = "Pods-DemoTests.release.xcconfig"; path = "Pods/Target Support Files/Pods-DemoTests/Pods-DemoTests.release.xcconfig"; sourceTree = "<group>"; };
		A8F9208A50A7DCC214952E22 /* Pods-DemoUITests.debug.xcconfig */ = {isa = PBXFileReference; includeInIndex = 1; lastKnownFileType = text.xcconfig; name = "Pods-DemoUITests.debug.xcconfig"; path = "Pods/Target Support Files/Pods-DemoUITests/Pods-DemoUITests.debug.xcconfig"; sourceTree = "<group>"; };
		A994EA76F4B7EC9D1933B96F /* libPods-Demo.a */ = {isa = PBXFileReference; explicitFileType = archive.ar; includeInIndex = 0; path = "libPods-Demo.a"; sourceTree = BUILT_PRODUCTS_DIR; };
		E72E99BB0C7E4E90D0DFB5FE /* Pods-Demo.debug.xcconfig */ = {isa = PBXFileReference; includeInIndex = 1; lastKnownFileType = text.xcconfig; name = "Pods-Demo.debug.xcconfig"; path = "Pods/Target Support Files/Pods-Demo/Pods-Demo.debug.xcconfig"; sourceTree = "<group>"; };
		FBFFB6CEA96CE6F5ED0582BC /* Pods-Demo.release.xcconfig */ = {isa = PBXFileReference; includeInIndex = 1; lastKnownFileType = text.xcconfig; name = "Pods-Demo.release.xcconfig"; path = "Pods/Target Support Files/Pods-Demo/Pods-Demo.release.xcconfig"; sourceTree = "<group>"; };
/* End PBXFileReference section */

/* Begin PBXFrameworksBuildPhase section */
		0333760B205A6281005C00EE /* Frameworks */ = {
			isa = PBXFrameworksBuildPhase;
			buildActionMask = 2147483647;
			files = (
				03337672205A9F45005C00EE /* WebKit.framework in Frameworks */,
				94F442E92081BB0C046C77C0 /* libPods-Demo.a in Frameworks */,
			);
			runOnlyForDeploymentPostprocessing = 0;
		};
		03337623205A6282005C00EE /* Frameworks */ = {
			isa = PBXFrameworksBuildPhase;
			buildActionMask = 2147483647;
			files = (
				E8EC4F2CDF365651AAA662BD /* libPods-DemoTests.a in Frameworks */,
			);
			runOnlyForDeploymentPostprocessing = 0;
		};
		0333762E205A6282005C00EE /* Frameworks */ = {
			isa = PBXFrameworksBuildPhase;
			buildActionMask = 2147483647;
			files = (
				E0D045A409A73942C24FFEEA /* libPods-DemoUITests.a in Frameworks */,
			);
			runOnlyForDeploymentPostprocessing = 0;
		};
/* End PBXFrameworksBuildPhase section */

/* Begin PBXGroup section */
		03337605205A6281005C00EE = {
			isa = PBXGroup;
			children = (
				03337610205A6281005C00EE /* Demo */,
				03337629205A6282005C00EE /* DemoTests */,
				03337634205A6282005C00EE /* DemoUITests */,
				0333760F205A6281005C00EE /* Products */,
				03337670205A9F45005C00EE /* Frameworks */,
				1F2145049CC93E675A3401FF /* Pods */,
			);
			sourceTree = "<group>";
		};
		0333760F205A6281005C00EE /* Products */ = {
			isa = PBXGroup;
			children = (
				0333760E205A6281005C00EE /* Demo.app */,
				03337626205A6282005C00EE /* DemoTests.xctest */,
				03337631205A6282005C00EE /* DemoUITests.xctest */,
			);
			name = Products;
			sourceTree = "<group>";
		};
		03337610205A6281005C00EE /* Demo */ = {
			isa = PBXGroup;
			children = (
				03337658205A7C00005C00EE /* Categories */,
				03337654205A7A9A005C00EE /* Models */,
				0333764E205A6A93005C00EE /* View */,
				03337643205A6358005C00EE /* ViewController */,
				03337611205A6281005C00EE /* AppDelegate.h */,
				03337612205A6281005C00EE /* AppDelegate.m */,
				03337614205A6281005C00EE /* ViewController.h */,
				03337615205A6281005C00EE /* ViewController.m */,
				03337617205A6281005C00EE /* Main.storyboard */,
				0333761A205A6281005C00EE /* Assets.xcassets */,
				0333761C205A6281005C00EE /* LaunchScreen.storyboard */,
				0333761F205A6281005C00EE /* Info.plist */,
				03337620205A6281005C00EE /* main.m */,
			);
			path = Demo;
			sourceTree = "<group>";
		};
		03337629205A6282005C00EE /* DemoTests */ = {
			isa = PBXGroup;
			children = (
				0333762A205A6282005C00EE /* DemoTests.m */,
				0333762C205A6282005C00EE /* Info.plist */,
			);
			path = DemoTests;
			sourceTree = "<group>";
		};
		03337634205A6282005C00EE /* DemoUITests */ = {
			isa = PBXGroup;
			children = (
				03337635205A6282005C00EE /* DemoUITests.m */,
				03337637205A6282005C00EE /* Info.plist */,
			);
			path = DemoUITests;
			sourceTree = "<group>";
		};
		03337643205A6358005C00EE /* ViewController */ = {
			isa = PBXGroup;
			children = (
				03337644205A637A005C00EE /* LoginViewController.h */,
				03337645205A637A005C00EE /* LoginViewController.m */,
				03337646205A637A005C00EE /* LoginViewController.xib */,
				03337649205A66A2005C00EE /* DisplayViewController.h */,
				0333764A205A66A2005C00EE /* DisplayViewController.m */,
				0333764B205A66A2005C00EE /* DisplayViewController.xib */,
				0333766B205A9B35005C00EE /* DetailViewController.h */,
				0333766C205A9B35005C00EE /* DetailViewController.m */,
				0333766D205A9B35005C00EE /* DetailViewController.xib */,
			);
			path = ViewController;
			sourceTree = "<group>";
		};
		0333764E205A6A93005C00EE /* View */ = {
			isa = PBXGroup;
			children = (
				0333764F205A6ACF005C00EE /* APIContentTableViewCell.h */,
				03337650205A6ACF005C00EE /* APIContentTableViewCell.m */,
				03337651205A6ACF005C00EE /* APIContentTableViewCell.xib */,
			);
			path = View;
			sourceTree = "<group>";
		};
		03337654205A7A9A005C00EE /* Models */ = {
			isa = PBXGroup;
			children = (
				03337655205A7ABE005C00EE /* AbstractModel.h */,
				03337656205A7ABE005C00EE /* AbstractModel.m */,
				03337668205A827C005C00EE /* APIModel.h */,
				03337669205A827C005C00EE /* APIModel.m */,
			);
			path = Models;
			sourceTree = "<group>";
		};
		03337658205A7C00005C00EE /* Categories */ = {
			isa = PBXGroup;
			children = (
				03E17ED2205BAD3200F74AE2 /* NSString+utility.h */,
				03E17ED3205BAD3200F74AE2 /* NSString+utility.m */,
				03337664205A7CD5005C00EE /* NSDictionary+ReplaceNULL.h */,
				03337663205A7CD5005C00EE /* NSDictionary+ReplaceNULL.m */,
				03337662205A7CD4005C00EE /* NSObject+Extension.h */,
				03337665205A7CD5005C00EE /* NSObject+Extension.m */,
			);
			path = Categories;
			sourceTree = "<group>";
		};
		03337670205A9F45005C00EE /* Frameworks */ = {
			isa = PBXGroup;
			children = (
				03337671205A9F45005C00EE /* WebKit.framework */,
				A994EA76F4B7EC9D1933B96F /* libPods-Demo.a */,
				33BF6812D1A22C97B22E7AE3 /* libPods-DemoTests.a */,
				7CCDE9FCAECF331D0A32D4E8 /* libPods-DemoUITests.a */,
			);
			name = Frameworks;
			sourceTree = "<group>";
		};
		1F2145049CC93E675A3401FF /* Pods */ = {
			isa = PBXGroup;
			children = (
				E72E99BB0C7E4E90D0DFB5FE /* Pods-Demo.debug.xcconfig */,
				FBFFB6CEA96CE6F5ED0582BC /* Pods-Demo.release.xcconfig */,
				5F07390F462841AC4E616566 /* Pods-DemoTests.debug.xcconfig */,
				8FD737AE20ADA6669F7C532F /* Pods-DemoTests.release.xcconfig */,
				A8F9208A50A7DCC214952E22 /* Pods-DemoUITests.debug.xcconfig */,
				216E82C3E1812F064CDFFE7B /* Pods-DemoUITests.release.xcconfig */,
			);
			name = Pods;
			sourceTree = "<group>";
		};
/* End PBXGroup section */

/* Begin PBXNativeTarget section */
		0333760D205A6281005C00EE /* Demo */ = {
			isa = PBXNativeTarget;
			buildConfigurationList = 0333763A205A6282005C00EE /* Build configuration list for PBXNativeTarget "Demo" */;
			buildPhases = (
				3687654AD4854FF2CCEF537A /* [CP] Check Pods Manifest.lock */,
				0333760A205A6281005C00EE /* Sources */,
				0333760B205A6281005C00EE /* Frameworks */,
				0333760C205A6281005C00EE /* Resources */,
				81F7E3B3F2AF4E83A4C98200 /* [CP] Embed Pods Frameworks */,
				CD556C6245B9639609588FE7 /* [CP] Copy Pods Resources */,
			);
			buildRules = (
			);
			dependencies = (
			);
			name = Demo;
			productName = Demo;
			productReference = 0333760E205A6281005C00EE /* Demo.app */;
			productType = "com.apple.product-type.application";
		};
		03337625205A6282005C00EE /* DemoTests */ = {
			isa = PBXNativeTarget;
			buildConfigurationList = 0333763D205A6282005C00EE /* Build configuration list for PBXNativeTarget "DemoTests" */;
			buildPhases = (
				F6BABB0E2AFD18CAC4566FEC /* [CP] Check Pods Manifest.lock */,
				03337622205A6282005C00EE /* Sources */,
				03337623205A6282005C00EE /* Frameworks */,
				03337624205A6282005C00EE /* Resources */,
				54429AABB3D47CDA024B68B2 /* [CP] Embed Pods Frameworks */,
				6231F5273CD626738E853454 /* [CP] Copy Pods Resources */,
			);
			buildRules = (
			);
			dependencies = (
				03337628205A6282005C00EE /* PBXTargetDependency */,
			);
			name = DemoTests;
			productName = DemoTests;
			productReference = 03337626205A6282005C00EE /* DemoTests.xctest */;
			productType = "com.apple.product-type.bundle.unit-test";
		};
		03337630205A6282005C00EE /* DemoUITests */ = {
			isa = PBXNativeTarget;
			buildConfigurationList = 03337640205A6282005C00EE /* Build configuration list for PBXNativeTarget "DemoUITests" */;
			buildPhases = (
				1E845EC71260E868D8058526 /* [CP] Check Pods Manifest.lock */,
				0333762D205A6282005C00EE /* Sources */,
				0333762E205A6282005C00EE /* Frameworks */,
				0333762F205A6282005C00EE /* Resources */,
				DB32162F529DCA1A364B8D0B /* [CP] Embed Pods Frameworks */,
				FDA1482A08B39BE6D7A0CF69 /* [CP] Copy Pods Resources */,
			);
			buildRules = (
			);
			dependencies = (
				03337633205A6282005C00EE /* PBXTargetDependency */,
			);
			name = DemoUITests;
			productName = DemoUITests;
			productReference = 03337631205A6282005C00EE /* DemoUITests.xctest */;
			productType = "com.apple.product-type.bundle.ui-testing";
		};
/* End PBXNativeTarget section */

/* Begin PBXProject section */
		03337606205A6281005C00EE /* Project object */ = {
			isa = PBXProject;
			attributes = {
				LastUpgradeCheck = 0920;
				ORGANIZATIONNAME = Kinjal;
				TargetAttributes = {
					0333760D205A6281005C00EE = {
						CreatedOnToolsVersion = 9.2;
						ProvisioningStyle = Automatic;
					};
					03337625205A6282005C00EE = {
						CreatedOnToolsVersion = 9.2;
						ProvisioningStyle = Automatic;
						TestTargetID = 0333760D205A6281005C00EE;
					};
					03337630205A6282005C00EE = {
						CreatedOnToolsVersion = 9.2;
						ProvisioningStyle = Automatic;
						TestTargetID = 0333760D205A6281005C00EE;
					};
				};
			};
			buildConfigurationList = 03337609205A6281005C00EE /* Build configuration list for PBXProject "Demo" */;
			compatibilityVersion = "Xcode 8.0";
			developmentRegion = en;
			hasScannedForEncodings = 0;
			knownRegions = (
				en,
				Base,
			);
			mainGroup = 03337605205A6281005C00EE;
			productRefGroup = 0333760F205A6281005C00EE /* Products */;
			projectDirPath = "";
			projectRoot = "";
			targets = (
				0333760D205A6281005C00EE /* Demo */,
				03337625205A6282005C00EE /* DemoTests */,
				03337630205A6282005C00EE /* DemoUITests */,
			);
		};
/* End PBXProject section */

/* Begin PBXResourcesBuildPhase section */
		0333760C205A6281005C00EE /* Resources */ = {
			isa = PBXResourcesBuildPhase;
			buildActionMask = 2147483647;
			files = (
				03337648205A637A005C00EE /* LoginViewController.xib in Resources */,
				0333764D205A66A2005C00EE /* DisplayViewController.xib in Resources */,
				0333766F205A9B35005C00EE /* DetailViewController.xib in Resources */,
				03337653205A6ACF005C00EE /* APIContentTableViewCell.xib in Resources */,
				0333761E205A6281005C00EE /* LaunchScreen.storyboard in Resources */,
				0333761B205A6281005C00EE /* Assets.xcassets in Resources */,
				03337619205A6281005C00EE /* Main.storyboard in Resources */,
			);
			runOnlyForDeploymentPostprocessing = 0;
		};
		03337624205A6282005C00EE /* Resources */ = {
			isa = PBXResourcesBuildPhase;
			buildActionMask = 2147483647;
			files = (
			);
			runOnlyForDeploymentPostprocessing = 0;
		};
		0333762F205A6282005C00EE /* Resources */ = {
			isa = PBXResourcesBuildPhase;
			buildActionMask = 2147483647;
			files = (
			);
			runOnlyForDeploymentPostprocessing = 0;
		};
/* End PBXResourcesBuildPhase section */

/* Begin PBXShellScriptBuildPhase section */
		1E845EC71260E868D8058526 /* [CP] Check Pods Manifest.lock */ = {
			isa = PBXShellScriptBuildPhase;
			buildActionMask = 2147483647;
			files = (
			);
			inputPaths = (
				"${PODS_PODFILE_DIR_PATH}/Podfile.lock",
				"${PODS_ROOT}/Manifest.lock",
			);
			name = "[CP] Check Pods Manifest.lock";
			outputPaths = (
				"$(DERIVED_FILE_DIR)/Pods-DemoUITests-checkManifestLockResult.txt",
			);
			runOnlyForDeploymentPostprocessing = 0;
			shellPath = /bin/sh;
			shellScript = "diff \"${PODS_PODFILE_DIR_PATH}/Podfile.lock\" \"${PODS_ROOT}/Manifest.lock\" > /dev/null\nif [ $? != 0 ] ; then\n    # print error to STDERR\n    echo \"error: The sandbox is not in sync with the Podfile.lock. Run 'pod install' or update your CocoaPods installation.\" >&2\n    exit 1\nfi\n# This output is used by Xcode 'outputs' to avoid re-running this script phase.\necho \"SUCCESS\" > \"${SCRIPT_OUTPUT_FILE_0}\"\n";
			showEnvVarsInLog = 0;
		};
		3687654AD4854FF2CCEF537A /* [CP] Check Pods Manifest.lock */ = {
			isa = PBXShellScriptBuildPhase;
			buildActionMask = 2147483647;
			files = (
			);
			inputPaths = (
				"${PODS_PODFILE_DIR_PATH}/Podfile.lock",
				"${PODS_ROOT}/Manifest.lock",
			);
			name = "[CP] Check Pods Manifest.lock";
			outputPaths = (
				"$(DERIVED_FILE_DIR)/Pods-Demo-checkManifestLockResult.txt",
			);
			runOnlyForDeploymentPostprocessing = 0;
			shellPath = /bin/sh;
			shellScript = "diff \"${PODS_PODFILE_DIR_PATH}/Podfile.lock\" \"${PODS_ROOT}/Manifest.lock\" > /dev/null\nif [ $? != 0 ] ; then\n    # print error to STDERR\n    echo \"error: The sandbox is not in sync with the Podfile.lock. Run 'pod install' or update your CocoaPods installation.\" >&2\n    exit 1\nfi\n# This output is used by Xcode 'outputs' to avoid re-running this script phase.\necho \"SUCCESS\" > \"${SCRIPT_OUTPUT_FILE_0}\"\n";
			showEnvVarsInLog = 0;
		};
		54429AABB3D47CDA024B68B2 /* [CP] Embed Pods Frameworks */ = {
			isa = PBXShellScriptBuildPhase;
			buildActionMask = 2147483647;
			files = (
			);
			inputPaths = (
			);
			name = "[CP] Embed Pods Frameworks";
			outputPaths = (
			);
			runOnlyForDeploymentPostprocessing = 0;
			shellPath = /bin/sh;
			shellScript = "\"${SRCROOT}/Pods/Target Support Files/Pods-DemoTests/Pods-DemoTests-frameworks.sh\"\n";
			showEnvVarsInLog = 0;
		};
		6231F5273CD626738E853454 /* [CP] Copy Pods Resources */ = {
			isa = PBXShellScriptBuildPhase;
			buildActionMask = 2147483647;
			files = (
			);
			inputPaths = (
			);
			name = "[CP] Copy Pods Resources";
			outputPaths = (
			);
			runOnlyForDeploymentPostprocessing = 0;
			shellPath = /bin/sh;
			shellScript = "\"${SRCROOT}/Pods/Target Support Files/Pods-DemoTests/Pods-DemoTests-resources.sh\"\n";
			showEnvVarsInLog = 0;
		};
		81F7E3B3F2AF4E83A4C98200 /* [CP] Embed Pods Frameworks */ = {
			isa = PBXShellScriptBuildPhase;
			buildActionMask = 2147483647;
			files = (
			);
			inputPaths = (
			);
			name = "[CP] Embed Pods Frameworks";
			outputPaths = (
			);
			runOnlyForDeploymentPostprocessing = 0;
			shellPath = /bin/sh;
			shellScript = "\"${SRCROOT}/Pods/Target Support Files/Pods-Demo/Pods-Demo-frameworks.sh\"\n";
			showEnvVarsInLog = 0;
		};
		CD556C6245B9639609588FE7 /* [CP] Copy Pods Resources */ = {
			isa = PBXShellScriptBuildPhase;
			buildActionMask = 2147483647;
			files = (
			);
			inputPaths = (
			);
			name = "[CP] Copy Pods Resources";
			outputPaths = (
			);
			runOnlyForDeploymentPostprocessing = 0;
			shellPath = /bin/sh;
			shellScript = "\"${SRCROOT}/Pods/Target Support Files/Pods-Demo/Pods-Demo-resources.sh\"\n";
			showEnvVarsInLog = 0;
		};
		DB32162F529DCA1A364B8D0B /* [CP] Embed Pods Frameworks */ = {
			isa = PBXShellScriptBuildPhase;
			buildActionMask = 2147483647;
			files = (
			);
			inputPaths = (
			);
			name = "[CP] Embed Pods Frameworks";
			outputPaths = (
			);
			runOnlyForDeploymentPostprocessing = 0;
			shellPath = /bin/sh;
			shellScript = "\"${SRCROOT}/Pods/Target Support Files/Pods-DemoUITests/Pods-DemoUITests-frameworks.sh\"\n";
			showEnvVarsInLog = 0;
		};
		F6BABB0E2AFD18CAC4566FEC /* [CP] Check Pods Manifest.lock */ = {
			isa = PBXShellScriptBuildPhase;
			buildActionMask = 2147483647;
			files = (
			);
			inputPaths = (
				"${PODS_PODFILE_DIR_PATH}/Podfile.lock",
				"${PODS_ROOT}/Manifest.lock",
			);
			name = "[CP] Check Pods Manifest.lock";
			outputPaths = (
				"$(DERIVED_FILE_DIR)/Pods-DemoTests-checkManifestLockResult.txt",
			);
			runOnlyForDeploymentPostprocessing = 0;
			shellPath = /bin/sh;
			shellScript = "diff \"${PODS_PODFILE_DIR_PATH}/Podfile.lock\" \"${PODS_ROOT}/Manifest.lock\" > /dev/null\nif [ $? != 0 ] ; then\n    # print error to STDERR\n    echo \"error: The sandbox is not in sync with the Podfile.lock. Run 'pod install' or update your CocoaPods installation.\" >&2\n    exit 1\nfi\n# This output is used by Xcode 'outputs' to avoid re-running this script phase.\necho \"SUCCESS\" > \"${SCRIPT_OUTPUT_FILE_0}\"\n";
			showEnvVarsInLog = 0;
		};
		FDA1482A08B39BE6D7A0CF69 /* [CP] Copy Pods Resources */ = {
			isa = PBXShellScriptBuildPhase;
			buildActionMask = 2147483647;
			files = (
			);
			inputPaths = (
			);
			name = "[CP] Copy Pods Resources";
			outputPaths = (
			);
			runOnlyForDeploymentPostprocessing = 0;
			shellPath = /bin/sh;
			shellScript = "\"${SRCROOT}/Pods/Target Support Files/Pods-DemoUITests/Pods-DemoUITests-resources.sh\"\n";
			showEnvVarsInLog = 0;
		};
/* End PBXShellScriptBuildPhase section */

/* Begin PBXSourcesBuildPhase section */
		0333760A205A6281005C00EE /* Sources */ = {
			isa = PBXSourcesBuildPhase;
			buildActionMask = 2147483647;
			files = (
				0333764C205A66A2005C00EE /* DisplayViewController.m in Sources */,
				03337647205A637A005C00EE /* LoginViewController.m in Sources */,
				03337667205A7CD5005C00EE /* NSObject+Extension.m in Sources */,
				03E17ED4205BAD3200F74AE2 /* NSString+utility.m in Sources */,
				03337616205A6281005C00EE /* ViewController.m in Sources */,
				03337621205A6281005C00EE /* main.m in Sources */,
				03337657205A7ABE005C00EE /* AbstractModel.m in Sources */,
				03337652205A6ACF005C00EE /* APIContentTableViewCell.m in Sources */,
				0333766E205A9B35005C00EE /* DetailViewController.m in Sources */,
				03337666205A7CD5005C00EE /* NSDictionary+ReplaceNULL.m in Sources */,
				0333766A205A827C005C00EE /* APIModel.m in Sources */,
				03337613205A6281005C00EE /* AppDelegate.m in Sources */,
			);
			runOnlyForDeploymentPostprocessing = 0;
		};
		03337622205A6282005C00EE /* Sources */ = {
			isa = PBXSourcesBuildPhase;
			buildActionMask = 2147483647;
			files = (
				0333762B205A6282005C00EE /* DemoTests.m in Sources */,
			);
			runOnlyForDeploymentPostprocessing = 0;
		};
		0333762D205A6282005C00EE /* Sources */ = {
			isa = PBXSourcesBuildPhase;
			buildActionMask = 2147483647;
			files = (
				03337636205A6282005C00EE /* DemoUITests.m in Sources */,
			);
			runOnlyForDeploymentPostprocessing = 0;
		};
/* End PBXSourcesBuildPhase section */

/* Begin PBXTargetDependency section */
		03337628205A6282005C00EE /* PBXTargetDependency */ = {
			isa = PBXTargetDependency;
			target = 0333760D205A6281005C00EE /* Demo */;
			targetProxy = 03337627205A6282005C00EE /* PBXContainerItemProxy */;
		};
		03337633205A6282005C00EE /* PBXTargetDependency */ = {
			isa = PBXTargetDependency;
			target = 0333760D205A6281005C00EE /* Demo */;
			targetProxy = 03337632205A6282005C00EE /* PBXContainerItemProxy */;
		};
/* End PBXTargetDependency section */

/* Begin PBXVariantGroup section */
		03337617205A6281005C00EE /* Main.storyboard */ = {
			isa = PBXVariantGroup;
			children = (
				03337618205A6281005C00EE /* Base */,
			);
			name = Main.storyboard;
			sourceTree = "<group>";
		};
		0333761C205A6281005C00EE /* LaunchScreen.storyboard */ = {
			isa = PBXVariantGroup;
			children = (
				0333761D205A6281005C00EE /* Base */,
			);
			name = LaunchScreen.storyboard;
			sourceTree = "<group>";
		};
/* End PBXVariantGroup section */

/* Begin XCBuildConfiguration section */
		03337638205A6282005C00EE /* Debug */ = {
			isa = XCBuildConfiguration;
			buildSettings = {
				ALWAYS_SEARCH_USER_PATHS = NO;
				CLANG_ANALYZER_NONNULL = YES;
				CLANG_ANALYZER_NUMBER_OBJECT_CONVERSION = YES_AGGRESSIVE;
				CLANG_CXX_LANGUAGE_STANDARD = "gnu++14";
				CLANG_CXX_LIBRARY = "libc++";
				CLANG_ENABLE_MODULES = YES;
				CLANG_ENABLE_OBJC_ARC = YES;
				CLANG_WARN_BLOCK_CAPTURE_AUTORELEASING = YES;
				CLANG_WARN_BOOL_CONVERSION = YES;
				CLANG_WARN_COMMA = YES;
				CLANG_WARN_CONSTANT_CONVERSION = YES;
				CLANG_WARN_DIRECT_OBJC_ISA_USAGE = YES_ERROR;
				CLANG_WARN_DOCUMENTATION_COMMENTS = YES;
				CLANG_WARN_EMPTY_BODY = YES;
				CLANG_WARN_ENUM_CONVERSION = YES;
				CLANG_WARN_INFINITE_RECURSION = YES;
				CLANG_WARN_INT_CONVERSION = YES;
				CLANG_WARN_NON_LITERAL_NULL_CONVERSION = YES;
				CLANG_WARN_OBJC_LITERAL_CONVERSION = YES;
				CLANG_WARN_OBJC_ROOT_CLASS = YES_ERROR;
				CLANG_WARN_RANGE_LOOP_ANALYSIS = YES;
				CLANG_WARN_STRICT_PROTOTYPES = YES;
				CLANG_WARN_SUSPICIOUS_MOVE = YES;
				CLANG_WARN_UNGUARDED_AVAILABILITY = YES_AGGRESSIVE;
				CLANG_WARN_UNREACHABLE_CODE = YES;
				CLANG_WARN__DUPLICATE_METHOD_MATCH = YES;
				CODE_SIGN_IDENTITY = "iPhone Developer";
				COPY_PHASE_STRIP = NO;
				DEBUG_INFORMATION_FORMAT = dwarf;
				ENABLE_STRICT_OBJC_MSGSEND = YES;
				ENABLE_TESTABILITY = YES;
				GCC_C_LANGUAGE_STANDARD = gnu11;
				GCC_DYNAMIC_NO_PIC = NO;
				GCC_NO_COMMON_BLOCKS = YES;
				GCC_OPTIMIZATION_LEVEL = 0;
				GCC_PREPROCESSOR_DEFINITIONS = (
					"DEBUG=1",
					"$(inherited)",
				);
				GCC_WARN_64_TO_32_BIT_CONVERSION = YES;
				GCC_WARN_ABOUT_RETURN_TYPE = YES_ERROR;
				GCC_WARN_UNDECLARED_SELECTOR = YES;
				GCC_WARN_UNINITIALIZED_AUTOS = YES_AGGRESSIVE;
				GCC_WARN_UNUSED_FUNCTION = YES;
				GCC_WARN_UNUSED_VARIABLE = YES;
				IPHONEOS_DEPLOYMENT_TARGET = 11.2;
				MTL_ENABLE_DEBUG_INFO = YES;
				ONLY_ACTIVE_ARCH = YES;
				SDKROOT = iphoneos;
			};
			name = Debug;
		};
		03337639205A6282005C00EE /* Release */ = {
			isa = XCBuildConfiguration;
			buildSettings = {
				ALWAYS_SEARCH_USER_PATHS = NO;
				CLANG_ANALYZER_NONNULL = YES;
				CLANG_ANALYZER_NUMBER_OBJECT_CONVERSION = YES_AGGRESSIVE;
				CLANG_CXX_LANGUAGE_STANDARD = "gnu++14";
				CLANG_CXX_LIBRARY = "libc++";
				CLANG_ENABLE_MODULES = YES;
				CLANG_ENABLE_OBJC_ARC = YES;
				CLANG_WARN_BLOCK_CAPTURE_AUTORELEASING = YES;
				CLANG_WARN_BOOL_CONVERSION = YES;
				CLANG_WARN_COMMA = YES;
				CLANG_WARN_CONSTANT_CONVERSION = YES;
				CLANG_WARN_DIRECT_OBJC_ISA_USAGE = YES_ERROR;
				CLANG_WARN_DOCUMENTATION_COMMENTS = YES;
				CLANG_WARN_EMPTY_BODY = YES;
				CLANG_WARN_ENUM_CONVERSION = YES;
				CLANG_WARN_INFINITE_RECURSION = YES;
				CLANG_WARN_INT_CONVERSION = YES;
				CLANG_WARN_NON_LITERAL_NULL_CONVERSION = YES;
				CLANG_WARN_OBJC_LITERAL_CONVERSION = YES;
				CLANG_WARN_OBJC_ROOT_CLASS = YES_ERROR;
				CLANG_WARN_RANGE_LOOP_ANALYSIS = YES;
				CLANG_WARN_STRICT_PROTOTYPES = YES;
				CLANG_WARN_SUSPICIOUS_MOVE = YES;
				CLANG_WARN_UNGUARDED_AVAILABILITY = YES_AGGRESSIVE;
				CLANG_WARN_UNREACHABLE_CODE = YES;
				CLANG_WARN__DUPLICATE_METHOD_MATCH = YES;
				CODE_SIGN_IDENTITY = "iPhone Developer";
				COPY_PHASE_STRIP = NO;
				DEBUG_INFORMATION_FORMAT = "dwarf-with-dsym";
				ENABLE_NS_ASSERTIONS = NO;
				ENABLE_STRICT_OBJC_MSGSEND = YES;
				GCC_C_LANGUAGE_STANDARD = gnu11;
				GCC_NO_COMMON_BLOCKS = YES;
				GCC_WARN_64_TO_32_BIT_CONVERSION = YES;
				GCC_WARN_ABOUT_RETURN_TYPE = YES_ERROR;
				GCC_WARN_UNDECLARED_SELECTOR = YES;
				GCC_WARN_UNINITIALIZED_AUTOS = YES_AGGRESSIVE;
				GCC_WARN_UNUSED_FUNCTION = YES;
				GCC_WARN_UNUSED_VARIABLE = YES;
				IPHONEOS_DEPLOYMENT_TARGET = 11.2;
				MTL_ENABLE_DEBUG_INFO = NO;
				SDKROOT = iphoneos;
				VALIDATE_PRODUCT = YES;
			};
			name = Release;
		};
		0333763B205A6282005C00EE /* Debug */ = {
			isa = XCBuildConfiguration;
			baseConfigurationReference = E72E99BB0C7E4E90D0DFB5FE /* Pods-Demo.debug.xcconfig */;
			buildSettings = {
				ASSETCATALOG_COMPILER_APPICON_NAME = AppIcon;
				CODE_SIGN_STYLE = Automatic;
				INFOPLIST_FILE = Demo/Info.plist;
				LD_RUNPATH_SEARCH_PATHS = "$(inherited) @executable_path/Frameworks";
				PRODUCT_BUNDLE_IDENTIFIER = com.kinjal.Demo;
				PRODUCT_NAME = "$(TARGET_NAME)";
				TARGETED_DEVICE_FAMILY = "1,2";
			};
			name = Debug;
		};
		0333763C205A6282005C00EE /* Release */ = {
			isa = XCBuildConfiguration;
			baseConfigurationReference = FBFFB6CEA96CE6F5ED0582BC /* Pods-Demo.release.xcconfig */;
			buildSettings = {
				ASSETCATALOG_COMPILER_APPICON_NAME = AppIcon;
				CODE_SIGN_STYLE = Automatic;
				INFOPLIST_FILE = Demo/Info.plist;
				LD_RUNPATH_SEARCH_PATHS = "$(inherited) @executable_path/Frameworks";
				PRODUCT_BUNDLE_IDENTIFIER = com.kinjal.Demo;
				PRODUCT_NAME = "$(TARGET_NAME)";
				TARGETED_DEVICE_FAMILY = "1,2";
			};
			name = Release;
		};
		0333763E205A6282005C00EE /* Debug */ = {
			isa = XCBuildConfiguration;
			baseConfigurationReference = 5F07390F462841AC4E616566 /* Pods-DemoTests.debug.xcconfig */;
			buildSettings = {
				BUNDLE_LOADER = "$(TEST_HOST)";
				CODE_SIGN_STYLE = Automatic;
				INFOPLIST_FILE = DemoTests/Info.plist;
				LD_RUNPATH_SEARCH_PATHS = "$(inherited) @executable_path/Frameworks @loader_path/Frameworks";
				PRODUCT_BUNDLE_IDENTIFIER = com.kinjal.DemoTests;
				PRODUCT_NAME = "$(TARGET_NAME)";
				TARGETED_DEVICE_FAMILY = "1,2";
				TEST_HOST = "$(BUILT_PRODUCTS_DIR)/Demo.app/Demo";
			};
			name = Debug;
		};
		0333763F205A6282005C00EE /* Release */ = {
			isa = XCBuildConfiguration;
			baseConfigurationReference = 8FD737AE20ADA6669F7C532F /* Pods-DemoTests.release.xcconfig */;
			buildSettings = {
				BUNDLE_LOADER = "$(TEST_HOST)";
				CODE_SIGN_STYLE = Automatic;
				INFOPLIST_FILE = DemoTests/Info.plist;
				LD_RUNPATH_SEARCH_PATHS = "$(inherited) @executable_path/Frameworks @loader_path/Frameworks";
				PRODUCT_BUNDLE_IDENTIFIER = com.kinjal.DemoTests;
				PRODUCT_NAME = "$(TARGET_NAME)";
				TARGETED_DEVICE_FAMILY = "1,2";
				TEST_HOST = "$(BUILT_PRODUCTS_DIR)/Demo.app/Demo";
			};
			name = Release;
		};
		03337641205A6282005C00EE /* Debug */ = {
			isa = XCBuildConfiguration;
			baseConfigurationReference = A8F9208A50A7DCC214952E22 /* Pods-DemoUITests.debug.xcconfig */;
			buildSettings = {
				CODE_SIGN_STYLE = Automatic;
				INFOPLIST_FILE = DemoUITests/Info.plist;
				LD_RUNPATH_SEARCH_PATHS = "$(inherited) @executable_path/Frameworks @loader_path/Frameworks";
				PRODUCT_BUNDLE_IDENTIFIER = com.kinjal.DemoUITests;
				PRODUCT_NAME = "$(TARGET_NAME)";
				TARGETED_DEVICE_FAMILY = "1,2";
				TEST_TARGET_NAME = Demo;
			};
			name = Debug;
		};
		03337642205A6282005C00EE /* Release */ = {
			isa = XCBuildConfiguration;
			baseConfigurationReference = 216E82C3E1812F064CDFFE7B /* Pods-DemoUITests.release.xcconfig */;
			buildSettings = {
				CODE_SIGN_STYLE = Automatic;
				INFOPLIST_FILE = DemoUITests/Info.plist;
				LD_RUNPATH_SEARCH_PATHS = "$(inherited) @executable_path/Frameworks @loader_path/Frameworks";
				PRODUCT_BUNDLE_IDENTIFIER = com.kinjal.DemoUITests;
				PRODUCT_NAME = "$(TARGET_NAME)";
				TARGETED_DEVICE_FAMILY = "1,2";
				TEST_TARGET_NAME = Demo;
			};
			name = Release;
		};
/* End XCBuildConfiguration section */

/* Begin XCConfigurationList section */
		03337609205A6281005C00EE /* Build configuration list for PBXProject "Demo" */ = {
			isa = XCConfigurationList;
			buildConfigurations = (
				03337638205A6282005C00EE /* Debug */,
				03337639205A6282005C00EE /* Release */,
			);
			defaultConfigurationIsVisible = 0;
			defaultConfigurationName = Release;
		};
		0333763A205A6282005C00EE /* Build configuration list for PBXNativeTarget "Demo" */ = {
			isa = XCConfigurationList;
			buildConfigurations = (
				0333763B205A6282005C00EE /* Debug */,
				0333763C205A6282005C00EE /* Release */,
			);
			defaultConfigurationIsVisible = 0;
			defaultConfigurationName = Release;
		};
		0333763D205A6282005C00EE /* Build configuration list for PBXNativeTarget "DemoTests" */ = {
			isa = XCConfigurationList;
			buildConfigurations = (
				0333763E205A6282005C00EE /* Debug */,
				0333763F205A6282005C00EE /* Release */,
			);
			defaultConfigurationIsVisible = 0;
			defaultConfigurationName = Release;
		};
		03337640205A6282005C00EE /* Build configuration list for PBXNativeTarget "DemoUITests" */ = {
			isa = XCConfigurationList;
			buildConfigurations = (
				03337641205A6282005C00EE /* Debug */,
				03337642205A6282005C00EE /* Release */,
			);
			defaultConfigurationIsVisible = 0;
			defaultConfigurationName = Release;
		};
/* End XCConfigurationList section */
	};
	rootObject = 03337606205A6281005C00EE /* Project object */;
}
